
Microsoft Visual Studio Solution File, Format Version 12.00
# Visual Studio 14
VisualStudioVersion = 14.0.23107.0
MinimumVisualStudioVersion = 10.0.40219.1
Project("{FAE04EC0-301F-11D3-BF4B-00C04F79EFBC}") = "Problem31", "Problem31\Problem31.csproj", "{16CA3FBF-A97B-4AD7-AD7F-9C59AF2A2FEC}"
EndProject
Project("{FAE04EC0-301F-11D3-BF4B-00C04F79EFBC}") = "Problem40", "Problem40\Problem40.csproj", "{ACE640B2-4CED-4DE6-B82A-37F70B764D0C}"
EndProject
Project("{FAE04EC0-301F-11D3-BF4B-00C04F79EFBC}") = "Problem42", "Problem42\Problem42.csproj", "{30682894-31EE-4AC6-955F-0DFE7F634DCE}"
EndProject
Project("{FAE04EC0-301F-11D3-BF4B-00C04F79EFBC}") = "Problem37", "Problem37\Problem37.csproj", "{2835B241-CEAE-4D64-8C1C-6216367926B2}"
EndProject
Project("{FAE04EC0-301F-11D3-BF4B-00C04F79EFBC}") = "Problem39", "Problem39\Problem39.csproj", "{0B460F87-DB55-4A51-AEBF-07F0C5B285CB}"
EndProject
Project("{FAE04EC0-301F-11D3-BF4B-00C04F79EFBC}") = "Problem33", "Problem33\Problem33.csproj", "{3600E64F-6E46-4452-A535-D460B1CC07A9}"
EndProject
Project("{FAE04EC0-301F-11D3-BF4B-00C04F79EFBC}") = "Problem45", "Problem45\Problem45.csproj", "{1B2A7C0B-A61D-4301-8C70-FAF9E680BDB5}"
EndProject
Project("{FAE04EC0-301F-11D3-BF4B-00C04F79EFBC}") = "Problem32", "Problem32\Problem32.csproj", "{FE58E24C-9E08-4C6F-8CE9-56CD3179A386}"
EndProject
Project("{FAE04EC0-301F-11D3-BF4B-00C04F79EFBC}") = "Problem1", "Problem1\Problem1.csproj", "{9B5FCE64-D95B-475D-AD8F-F8962D4ECA9A}"
EndProject
Project("{FAE04EC0-301F-11D3-BF4B-00C04F79EFBC}") = "Problem2", "Problem2\Problem2.csproj", "{9302D5A8-3CD3-4EB1-BEB7-DFE999FFB1BE}"
EndProject
Project("{FAE04EC0-301F-11D3-BF4B-00C04F79EFBC}") = "Problem3", "Problem3\Problem3.csproj", "{985222C6-7399-46D3-B888-AFF0D6D52439}"
EndProject
Project("{FAE04EC0-301F-11D3-BF4B-00C04F79EFBC}") = "Problem41", "Problem41\Problem41.csproj", "{5B505EF8-F32E-4BAD-91EE-48128E4ACA7F}"
EndProject
Project("{FAE04EC0-301F-11D3-BF4B-00C04F79EFBC}") = "Problem52", "Problem52\Problem52.csproj", "{1F331627-59AC-4503-BB33-38ACA39F1EE3}"
EndProject
Project("{FAE04EC0-301F-11D3-BF4B-00C04F79EFBC}") = "Problem38", "Problem38\Problem38.csproj", "{C88044CA-70DF-4334-9220-57EF675984BF}"
EndProject
Project("{FAE04EC0-301F-11D3-BF4B-00C04F79EFBC}") = "Problem50", "Problem50\Problem50.csproj", "{646723CC-A9A6-4FFE-8B7E-F8A0EB8789C1}"
EndProject
Project("{FAE04EC0-301F-11D3-BF4B-00C04F79EFBC}") = "Problem46", "Problem46\Problem46.csproj", "{5A2E3AB2-0C59-46F8-8B63-DBFE244A2B78}"
EndProject
Project("{FAE04EC0-301F-11D3-BF4B-00C04F79EFBC}") = "Problem43", "Problem43\Problem43.csproj", "{90DF8081-D7C0-47D2-B692-2FB3A5895F78}"
EndProject
Project("{FAE04EC0-301F-11D3-BF4B-00C04F79EFBC}") = "Problem53", "Problem53\Problem53.csproj", "{F5048391-8AE1-4C5D-BDEB-490E6BB7E12D}"
EndProject
Project("{FAE04EC0-301F-11D3-BF4B-00C04F79EFBC}") = "Problem56", "Problem56\Problem56.csproj", "{9219D788-D3AD-491D-B17D-4A106C3520CB}"
EndProject
Project("{FAE04EC0-301F-11D3-BF4B-00C04F79EFBC}") = "Problem44", "Problem44\Problem44.csproj", "{86FBC4DA-F3A9-4A54-8E2A-53D177204784}"
EndProject
Project("{FAE04EC0-301F-11D3-BF4B-00C04F79EFBC}") = "Problem47", "Problem47\Problem47.csproj", "{46B8F0EF-4806-4CDC-B9A9-78D912CE3BFF}"
EndProject
Project("{FAE04EC0-301F-11D3-BF4B-00C04F79EFBC}") = "Problem49", "Problem49\Problem49.csproj", "{CB898393-74A2-4105-B97F-100BE0033231}"
EndProject
Project("{FAE04EC0-301F-11D3-BF4B-00C04F79EFBC}") = "Problem55", "Problem55\Problem55.csproj", "{B255C534-AB90-410C-BDC9-222AAA8092C1}"
EndProject
Project("{FAE04EC0-301F-11D3-BF4B-00C04F79EFBC}") = "Problem97", "Problem97\Problem97.csproj", "{7C10FC77-8FEA-438A-9FB7-0BDFB7D3E21D}"
EndProject
Project("{FAE04EC0-301F-11D3-BF4B-00C04F79EFBC}") = "Problem63", "Problem63\Problem63.csproj", "{560EECA0-7664-4894-9CA1-0D3ED53445E4}"
EndProject
Project("{FAE04EC0-301F-11D3-BF4B-00C04F79EFBC}") = "Problem4", "Problem4\Problem4.csproj", "{325C9BD7-A08E-4FF9-BFCB-D44DAE39D61D}"
EndProject
Project("{FAE04EC0-301F-11D3-BF4B-00C04F79EFBC}") = "Problem79", "Problem79\Problem79.csproj", "{33E4173D-B2D7-4446-BC90-DA47235E3961}"
EndProject
Project("{FAE04EC0-301F-11D3-BF4B-00C04F79EFBC}") = "Problem92", "Problem92\Problem92.csproj", "{FDB8A101-0B1E-4143-A009-3D6DD8F990D8}"
EndProject
Project("{FAE04EC0-301F-11D3-BF4B-00C04F79EFBC}") = "Problem59", "Problem59\Problem59.csproj", "{2A922D70-D864-4839-9DAF-92E21C3A3EBB}"
EndProject
Project("{FAE04EC0-301F-11D3-BF4B-00C04F79EFBC}") = "Problem57", "Problem57\Problem57.csproj", "{B2817D36-3679-4132-BA29-5A0BC577DEA4}"
EndProject
Project("{FAE04EC0-301F-11D3-BF4B-00C04F79EFBC}") = "Problem58", "Problem58\Problem58.csproj", "{D3FE4A18-BD14-405A-8316-EE5C8F13D748}"
EndProject
Project("{FAE04EC0-301F-11D3-BF4B-00C04F79EFBC}") = "Problem54", "Problem54\Problem54.csproj", "{1E7B0B5F-B4EE-44D9-8DC2-83806B3C1A14}"
EndProject
Project("{FAE04EC0-301F-11D3-BF4B-00C04F79EFBC}") = "Problem81", "Problem81\Problem81.csproj", "{DAE1C2C0-6E7C-42D8-8221-BB256FDC092A}"
EndProject
Project("{FAE04EC0-301F-11D3-BF4B-00C04F79EFBC}") = "Problem69", "Problem69\Problem69.csproj", "{3FC549BE-F784-4576-A2CF-3B30D3A5639A}"
EndProject
Project("{FAE04EC0-301F-11D3-BF4B-00C04F79EFBC}") = "Problem51", "Problem51\Problem51.csproj", "{3F8D3CE9-125C-46F3-BE4F-8ED941CB32EA}"
EndProject
Project("{FAE04EC0-301F-11D3-BF4B-00C04F79EFBC}") = "Problem62", "Problem62\Problem62.csproj", "{8F21E35A-A889-4718-8CDB-EA166A9645B2}"
EndProject
Project("{FAE04EC0-301F-11D3-BF4B-00C04F79EFBC}") = "Problem99", "Problem99\Problem99.csproj", "{BE1736F8-0679-4E83-BA6A-DBE16ED205C2}"
EndProject
Project("{FAE04EC0-301F-11D3-BF4B-00C04F79EFBC}") = "Problem65", "Problem65\Problem65.csproj", "{1AEB3AF4-1AD6-4E5D-9553-9E152EFA48F9}"
EndProject
Project("{FAE04EC0-301F-11D3-BF4B-00C04F79EFBC}") = "Problem71", "Problem71\Problem71.csproj", "{A2C3B928-7F06-44F9-82AE-4968DC34ED2E}"
EndProject
Project("{FAE04EC0-301F-11D3-BF4B-00C04F79EFBC}") = "Problem76", "Problem76\Problem76.csproj", "{1F89D087-AD8B-4321-A004-423FF0DF8E87}"
EndProject
Project("{FAE04EC0-301F-11D3-BF4B-00C04F79EFBC}") = "Problem74", "Problem74\Problem74.csproj", "{0C7AA333-0635-44C1-B012-4BBB36CD798B}"
EndProject
Project("{FAE04EC0-301F-11D3-BF4B-00C04F79EFBC}") = "Problem60", "Problem60\Problem60.csproj", "{48CBF34D-4826-478A-A260-8CBA73AC366D}"
EndProject
Project("{FAE04EC0-301F-11D3-BF4B-00C04F79EFBC}") = "Problem73", "Problem73\Problem73.csproj", "{D8BB217C-EBEA-4607-969C-D4547EC367B3}"
EndProject
Project("{FAE04EC0-301F-11D3-BF4B-00C04F79EFBC}") = "Problem61", "Problem61\Problem61.csproj", "{618A6F7E-6209-4F03-BC82-CE22DDF411D9}"
EndProject
Project("{FAE04EC0-301F-11D3-BF4B-00C04F79EFBC}") = "Problem85", "Problem85\Problem85.csproj", "{10BCD63A-B0C2-41EE-8EB3-2F2D49E7D98F}"
EndProject
Project("{FAE04EC0-301F-11D3-BF4B-00C04F79EFBC}") = "Problem112", "Problem112\Problem112.csproj", "{186ECF9E-BCD1-488A-AEE8-C505360CE98E}"
EndProject
Project("{FAE04EC0-301F-11D3-BF4B-00C04F79EFBC}") = "Problem206", "Problem206\Problem206.csproj", "{464014DB-491C-4F6E-815F-ED1E374DCA4C}"
EndProject
Project("{FAE04EC0-301F-11D3-BF4B-00C04F79EFBC}") = "Problem72", "Problem72\Problem72.csproj", "{75AD3258-62DA-4352-BA75-CBB43101D0F9}"
EndProject
Global
	GlobalSection(SolutionConfigurationPlatforms) = preSolution
		Debug|Any CPU = Debug|Any CPU
		Release|Any CPU = Release|Any CPU
	EndGlobalSection
	GlobalSection(ProjectConfigurationPlatforms) = postSolution
		{16CA3FBF-A97B-4AD7-AD7F-9C59AF2A2FEC}.Debug|Any CPU.ActiveCfg = Debug|Any CPU
		{16CA3FBF-A97B-4AD7-AD7F-9C59AF2A2FEC}.Debug|Any CPU.Build.0 = Debug|Any CPU
		{16CA3FBF-A97B-4AD7-AD7F-9C59AF2A2FEC}.Release|Any CPU.ActiveCfg = Release|Any CPU
		{16CA3FBF-A97B-4AD7-AD7F-9C59AF2A2FEC}.Release|Any CPU.Build.0 = Release|Any CPU
		{ACE640B2-4CED-4DE6-B82A-37F70B764D0C}.Debug|Any CPU.ActiveCfg = Debug|Any CPU
		{ACE640B2-4CED-4DE6-B82A-37F70B764D0C}.Debug|Any CPU.Build.0 = Debug|Any CPU
		{ACE640B2-4CED-4DE6-B82A-37F70B764D0C}.Release|Any CPU.ActiveCfg = Release|Any CPU
		{ACE640B2-4CED-4DE6-B82A-37F70B764D0C}.Release|Any CPU.Build.0 = Release|Any CPU
		{30682894-31EE-4AC6-955F-0DFE7F634DCE}.Debug|Any CPU.ActiveCfg = Debug|Any CPU
		{30682894-31EE-4AC6-955F-0DFE7F634DCE}.Debug|Any CPU.Build.0 = Debug|Any CPU
		{30682894-31EE-4AC6-955F-0DFE7F634DCE}.Release|Any CPU.ActiveCfg = Release|Any CPU
		{30682894-31EE-4AC6-955F-0DFE7F634DCE}.Release|Any CPU.Build.0 = Release|Any CPU
		{2835B241-CEAE-4D64-8C1C-6216367926B2}.Debug|Any CPU.ActiveCfg = Debug|Any CPU
		{2835B241-CEAE-4D64-8C1C-6216367926B2}.Debug|Any CPU.Build.0 = Debug|Any CPU
		{2835B241-CEAE-4D64-8C1C-6216367926B2}.Release|Any CPU.ActiveCfg = Release|Any CPU
		{2835B241-CEAE-4D64-8C1C-6216367926B2}.Release|Any CPU.Build.0 = Release|Any CPU
		{0B460F87-DB55-4A51-AEBF-07F0C5B285CB}.Debug|Any CPU.ActiveCfg = Debug|Any CPU
		{0B460F87-DB55-4A51-AEBF-07F0C5B285CB}.Debug|Any CPU.Build.0 = Debug|Any CPU
		{0B460F87-DB55-4A51-AEBF-07F0C5B285CB}.Release|Any CPU.ActiveCfg = Release|Any CPU
		{0B460F87-DB55-4A51-AEBF-07F0C5B285CB}.Release|Any CPU.Build.0 = Release|Any CPU
		{3600E64F-6E46-4452-A535-D460B1CC07A9}.Debug|Any CPU.ActiveCfg = Debug|Any CPU
		{3600E64F-6E46-4452-A535-D460B1CC07A9}.Debug|Any CPU.Build.0 = Debug|Any CPU
		{3600E64F-6E46-4452-A535-D460B1CC07A9}.Release|Any CPU.ActiveCfg = Release|Any CPU
		{3600E64F-6E46-4452-A535-D460B1CC07A9}.Release|Any CPU.Build.0 = Release|Any CPU
		{1B2A7C0B-A61D-4301-8C70-FAF9E680BDB5}.Debug|Any CPU.ActiveCfg = Debug|Any CPU
		{1B2A7C0B-A61D-4301-8C70-FAF9E680BDB5}.Debug|Any CPU.Build.0 = Debug|Any CPU
		{1B2A7C0B-A61D-4301-8C70-FAF9E680BDB5}.Release|Any CPU.ActiveCfg = Release|Any CPU
		{1B2A7C0B-A61D-4301-8C70-FAF9E680BDB5}.Release|Any CPU.Build.0 = Release|Any CPU
		{FE58E24C-9E08-4C6F-8CE9-56CD3179A386}.Debug|Any CPU.ActiveCfg = Debug|Any CPU
		{FE58E24C-9E08-4C6F-8CE9-56CD3179A386}.Debug|Any CPU.Build.0 = Debug|Any CPU
		{FE58E24C-9E08-4C6F-8CE9-56CD3179A386}.Release|Any CPU.ActiveCfg = Release|Any CPU
		{FE58E24C-9E08-4C6F-8CE9-56CD3179A386}.Release|Any CPU.Build.0 = Release|Any CPU
		{9B5FCE64-D95B-475D-AD8F-F8962D4ECA9A}.Debug|Any CPU.ActiveCfg = Debug|Any CPU
		{9B5FCE64-D95B-475D-AD8F-F8962D4ECA9A}.Debug|Any CPU.Build.0 = Debug|Any CPU
		{9B5FCE64-D95B-475D-AD8F-F8962D4ECA9A}.Release|Any CPU.ActiveCfg = Release|Any CPU
		{9B5FCE64-D95B-475D-AD8F-F8962D4ECA9A}.Release|Any CPU.Build.0 = Release|Any CPU
		{9302D5A8-3CD3-4EB1-BEB7-DFE999FFB1BE}.Debug|Any CPU.ActiveCfg = Debug|Any CPU
		{9302D5A8-3CD3-4EB1-BEB7-DFE999FFB1BE}.Debug|Any CPU.Build.0 = Debug|Any CPU
		{9302D5A8-3CD3-4EB1-BEB7-DFE999FFB1BE}.Release|Any CPU.ActiveCfg = Release|Any CPU
		{9302D5A8-3CD3-4EB1-BEB7-DFE999FFB1BE}.Release|Any CPU.Build.0 = Release|Any CPU
		{985222C6-7399-46D3-B888-AFF0D6D52439}.Debug|Any CPU.ActiveCfg = Debug|Any CPU
		{985222C6-7399-46D3-B888-AFF0D6D52439}.Debug|Any CPU.Build.0 = Debug|Any CPU
		{985222C6-7399-46D3-B888-AFF0D6D52439}.Release|Any CPU.ActiveCfg = Release|Any CPU
		{985222C6-7399-46D3-B888-AFF0D6D52439}.Release|Any CPU.Build.0 = Release|Any CPU
		{5B505EF8-F32E-4BAD-91EE-48128E4ACA7F}.Debug|Any CPU.ActiveCfg = Debug|Any CPU
		{5B505EF8-F32E-4BAD-91EE-48128E4ACA7F}.Debug|Any CPU.Build.0 = Debug|Any CPU
		{5B505EF8-F32E-4BAD-91EE-48128E4ACA7F}.Release|Any CPU.ActiveCfg = Release|Any CPU
		{5B505EF8-F32E-4BAD-91EE-48128E4ACA7F}.Release|Any CPU.Build.0 = Release|Any CPU
		{1F331627-59AC-4503-BB33-38ACA39F1EE3}.Debug|Any CPU.ActiveCfg = Debug|Any CPU
		{1F331627-59AC-4503-BB33-38ACA39F1EE3}.Debug|Any CPU.Build.0 = Debug|Any CPU
		{1F331627-59AC-4503-BB33-38ACA39F1EE3}.Release|Any CPU.ActiveCfg = Release|Any CPU
		{1F331627-59AC-4503-BB33-38ACA39F1EE3}.Release|Any CPU.Build.0 = Release|Any CPU
		{C88044CA-70DF-4334-9220-57EF675984BF}.Debug|Any CPU.ActiveCfg = Debug|Any CPU
		{C88044CA-70DF-4334-9220-57EF675984BF}.Debug|Any CPU.Build.0 = Debug|Any CPU
		{C88044CA-70DF-4334-9220-57EF675984BF}.Release|Any CPU.ActiveCfg = Release|Any CPU
		{C88044CA-70DF-4334-9220-57EF675984BF}.Release|Any CPU.Build.0 = Release|Any CPU
		{646723CC-A9A6-4FFE-8B7E-F8A0EB8789C1}.Debug|Any CPU.ActiveCfg = Debug|Any CPU
		{646723CC-A9A6-4FFE-8B7E-F8A0EB8789C1}.Debug|Any CPU.Build.0 = Debug|Any CPU
		{646723CC-A9A6-4FFE-8B7E-F8A0EB8789C1}.Release|Any CPU.ActiveCfg = Release|Any CPU
		{646723CC-A9A6-4FFE-8B7E-F8A0EB8789C1}.Release|Any CPU.Build.0 = Release|Any CPU
		{5A2E3AB2-0C59-46F8-8B63-DBFE244A2B78}.Debug|Any CPU.ActiveCfg = Debug|Any CPU
		{5A2E3AB2-0C59-46F8-8B63-DBFE244A2B78}.Debug|Any CPU.Build.0 = Debug|Any CPU
		{5A2E3AB2-0C59-46F8-8B63-DBFE244A2B78}.Release|Any CPU.ActiveCfg = Release|Any CPU
		{5A2E3AB2-0C59-46F8-8B63-DBFE244A2B78}.Release|Any CPU.Build.0 = Release|Any CPU
		{90DF8081-D7C0-47D2-B692-2FB3A5895F78}.Debug|Any CPU.ActiveCfg = Debug|Any CPU
		{90DF8081-D7C0-47D2-B692-2FB3A5895F78}.Debug|Any CPU.Build.0 = Debug|Any CPU
		{90DF8081-D7C0-47D2-B692-2FB3A5895F78}.Release|Any CPU.ActiveCfg = Release|Any CPU
		{90DF8081-D7C0-47D2-B692-2FB3A5895F78}.Release|Any CPU.Build.0 = Release|Any CPU
		{F5048391-8AE1-4C5D-BDEB-490E6BB7E12D}.Debug|Any CPU.ActiveCfg = Debug|Any CPU
		{F5048391-8AE1-4C5D-BDEB-490E6BB7E12D}.Debug|Any CPU.Build.0 = Debug|Any CPU
		{F5048391-8AE1-4C5D-BDEB-490E6BB7E12D}.Release|Any CPU.ActiveCfg = Release|Any CPU
		{F5048391-8AE1-4C5D-BDEB-490E6BB7E12D}.Release|Any CPU.Build.0 = Release|Any CPU
		{9219D788-D3AD-491D-B17D-4A106C3520CB}.Debug|Any CPU.ActiveCfg = Debug|Any CPU
		{9219D788-D3AD-491D-B17D-4A106C3520CB}.Debug|Any CPU.Build.0 = Debug|Any CPU
		{9219D788-D3AD-491D-B17D-4A106C3520CB}.Release|Any CPU.ActiveCfg = Release|Any CPU
		{9219D788-D3AD-491D-B17D-4A106C3520CB}.Release|Any CPU.Build.0 = Release|Any CPU
		{86FBC4DA-F3A9-4A54-8E2A-53D177204784}.Debug|Any CPU.ActiveCfg = Debug|Any CPU
		{86FBC4DA-F3A9-4A54-8E2A-53D177204784}.Debug|Any CPU.Build.0 = Debug|Any CPU
		{86FBC4DA-F3A9-4A54-8E2A-53D177204784}.Release|Any CPU.ActiveCfg = Release|Any CPU
		{86FBC4DA-F3A9-4A54-8E2A-53D177204784}.Release|Any CPU.Build.0 = Release|Any CPU
		{46B8F0EF-4806-4CDC-B9A9-78D912CE3BFF}.Debug|Any CPU.ActiveCfg = Debug|Any CPU
		{46B8F0EF-4806-4CDC-B9A9-78D912CE3BFF}.Debug|Any CPU.Build.0 = Debug|Any CPU
		{46B8F0EF-4806-4CDC-B9A9-78D912CE3BFF}.Release|Any CPU.ActiveCfg = Release|Any CPU
		{46B8F0EF-4806-4CDC-B9A9-78D912CE3BFF}.Release|Any CPU.Build.0 = Release|Any CPU
		{CB898393-74A2-4105-B97F-100BE0033231}.Debug|Any CPU.ActiveCfg = Debug|Any CPU
		{CB898393-74A2-4105-B97F-100BE0033231}.Debug|Any CPU.Build.0 = Debug|Any CPU
		{CB898393-74A2-4105-B97F-100BE0033231}.Release|Any CPU.ActiveCfg = Release|Any CPU
		{CB898393-74A2-4105-B97F-100BE0033231}.Release|Any CPU.Build.0 = Release|Any CPU
		{B255C534-AB90-410C-BDC9-222AAA8092C1}.Debug|Any CPU.ActiveCfg = Debug|Any CPU
		{B255C534-AB90-410C-BDC9-222AAA8092C1}.Debug|Any CPU.Build.0 = Debug|Any CPU
		{B255C534-AB90-410C-BDC9-222AAA8092C1}.Release|Any CPU.ActiveCfg = Release|Any CPU
		{B255C534-AB90-410C-BDC9-222AAA8092C1}.Release|Any CPU.Build.0 = Release|Any CPU
		{7C10FC77-8FEA-438A-9FB7-0BDFB7D3E21D}.Debug|Any CPU.ActiveCfg = Debug|Any CPU
		{7C10FC77-8FEA-438A-9FB7-0BDFB7D3E21D}.Debug|Any CPU.Build.0 = Debug|Any CPU
		{7C10FC77-8FEA-438A-9FB7-0BDFB7D3E21D}.Release|Any CPU.ActiveCfg = Release|Any CPU
		{7C10FC77-8FEA-438A-9FB7-0BDFB7D3E21D}.Release|Any CPU.Build.0 = Release|Any CPU
		{560EECA0-7664-4894-9CA1-0D3ED53445E4}.Debug|Any CPU.ActiveCfg = Debug|Any CPU
		{560EECA0-7664-4894-9CA1-0D3ED53445E4}.Debug|Any CPU.Build.0 = Debug|Any CPU
		{560EECA0-7664-4894-9CA1-0D3ED53445E4}.Release|Any CPU.ActiveCfg = Release|Any CPU
		{560EECA0-7664-4894-9CA1-0D3ED53445E4}.Release|Any CPU.Build.0 = Release|Any CPU
		{325C9BD7-A08E-4FF9-BFCB-D44DAE39D61D}.Debug|Any CPU.ActiveCfg = Debug|Any CPU
		{325C9BD7-A08E-4FF9-BFCB-D44DAE39D61D}.Debug|Any CPU.Build.0 = Debug|Any CPU
		{325C9BD7-A08E-4FF9-BFCB-D44DAE39D61D}.Release|Any CPU.ActiveCfg = Release|Any CPU
		{325C9BD7-A08E-4FF9-BFCB-D44DAE39D61D}.Release|Any CPU.Build.0 = Release|Any CPU
		{33E4173D-B2D7-4446-BC90-DA47235E3961}.Debug|Any CPU.ActiveCfg = Debug|Any CPU
		{33E4173D-B2D7-4446-BC90-DA47235E3961}.Debug|Any CPU.Build.0 = Debug|Any CPU
		{33E4173D-B2D7-4446-BC90-DA47235E3961}.Release|Any CPU.ActiveCfg = Release|Any CPU
		{33E4173D-B2D7-4446-BC90-DA47235E3961}.Release|Any CPU.Build.0 = Release|Any CPU
		{FDB8A101-0B1E-4143-A009-3D6DD8F990D8}.Debug|Any CPU.ActiveCfg = Debug|Any CPU
		{FDB8A101-0B1E-4143-A009-3D6DD8F990D8}.Debug|Any CPU.Build.0 = Debug|Any CPU
		{FDB8A101-0B1E-4143-A009-3D6DD8F990D8}.Release|Any CPU.ActiveCfg = Release|Any CPU
		{FDB8A101-0B1E-4143-A009-3D6DD8F990D8}.Release|Any CPU.Build.0 = Release|Any CPU
		{2A922D70-D864-4839-9DAF-92E21C3A3EBB}.Debug|Any CPU.ActiveCfg = Debug|Any CPU
		{2A922D70-D864-4839-9DAF-92E21C3A3EBB}.Debug|Any CPU.Build.0 = Debug|Any CPU
		{2A922D70-D864-4839-9DAF-92E21C3A3EBB}.Release|Any CPU.ActiveCfg = Release|Any CPU
		{2A922D70-D864-4839-9DAF-92E21C3A3EBB}.Release|Any CPU.Build.0 = Release|Any CPU
		{B2817D36-3679-4132-BA29-5A0BC577DEA4}.Debug|Any CPU.ActiveCfg = Debug|Any CPU
		{B2817D36-3679-4132-BA29-5A0BC577DEA4}.Debug|Any CPU.Build.0 = Debug|Any CPU
		{B2817D36-3679-4132-BA29-5A0BC577DEA4}.Release|Any CPU.ActiveCfg = Release|Any CPU
		{B2817D36-3679-4132-BA29-5A0BC577DEA4}.Release|Any CPU.Build.0 = Release|Any CPU
		{D3FE4A18-BD14-405A-8316-EE5C8F13D748}.Debug|Any CPU.ActiveCfg = Debug|Any CPU
		{D3FE4A18-BD14-405A-8316-EE5C8F13D748}.Debug|Any CPU.Build.0 = Debug|Any CPU
		{D3FE4A18-BD14-405A-8316-EE5C8F13D748}.Release|Any CPU.ActiveCfg = Release|Any CPU
		{D3FE4A18-BD14-405A-8316-EE5C8F13D748}.Release|Any CPU.Build.0 = Release|Any CPU
		{1E7B0B5F-B4EE-44D9-8DC2-83806B3C1A14}.Debug|Any CPU.ActiveCfg = Debug|Any CPU
		{1E7B0B5F-B4EE-44D9-8DC2-83806B3C1A14}.Debug|Any CPU.Build.0 = Debug|Any CPU
		{1E7B0B5F-B4EE-44D9-8DC2-83806B3C1A14}.Release|Any CPU.ActiveCfg = Release|Any CPU
		{1E7B0B5F-B4EE-44D9-8DC2-83806B3C1A14}.Release|Any CPU.Build.0 = Release|Any CPU
		{DAE1C2C0-6E7C-42D8-8221-BB256FDC092A}.Debug|Any CPU.ActiveCfg = Debug|Any CPU
		{DAE1C2C0-6E7C-42D8-8221-BB256FDC092A}.Debug|Any CPU.Build.0 = Debug|Any CPU
		{DAE1C2C0-6E7C-42D8-8221-BB256FDC092A}.Release|Any CPU.ActiveCfg = Release|Any CPU
		{DAE1C2C0-6E7C-42D8-8221-BB256FDC092A}.Release|Any CPU.Build.0 = Release|Any CPU
		{3FC549BE-F784-4576-A2CF-3B30D3A5639A}.Debug|Any CPU.ActiveCfg = Debug|Any CPU
		{3FC549BE-F784-4576-A2CF-3B30D3A5639A}.Debug|Any CPU.Build.0 = Debug|Any CPU
		{3FC549BE-F784-4576-A2CF-3B30D3A5639A}.Release|Any CPU.ActiveCfg = Release|Any CPU
		{3FC549BE-F784-4576-A2CF-3B30D3A5639A}.Release|Any CPU.Build.0 = Release|Any CPU
		{3F8D3CE9-125C-46F3-BE4F-8ED941CB32EA}.Debug|Any CPU.ActiveCfg = Debug|Any CPU
		{3F8D3CE9-125C-46F3-BE4F-8ED941CB32EA}.Debug|Any CPU.Build.0 = Debug|Any CPU
		{3F8D3CE9-125C-46F3-BE4F-8ED941CB32EA}.Release|Any CPU.ActiveCfg = Release|Any CPU
		{3F8D3CE9-125C-46F3-BE4F-8ED941CB32EA}.Release|Any CPU.Build.0 = Release|Any CPU
		{8F21E35A-A889-4718-8CDB-EA166A9645B2}.Debug|Any CPU.ActiveCfg = Debug|Any CPU
		{8F21E35A-A889-4718-8CDB-EA166A9645B2}.Debug|Any CPU.Build.0 = Debug|Any CPU
		{8F21E35A-A889-4718-8CDB-EA166A9645B2}.Release|Any CPU.ActiveCfg = Release|Any CPU
		{8F21E35A-A889-4718-8CDB-EA166A9645B2}.Release|Any CPU.Build.0 = Release|Any CPU
		{BE1736F8-0679-4E83-BA6A-DBE16ED205C2}.Debug|Any CPU.ActiveCfg = Debug|Any CPU
		{BE1736F8-0679-4E83-BA6A-DBE16ED205C2}.Debug|Any CPU.Build.0 = Debug|Any CPU
		{BE1736F8-0679-4E83-BA6A-DBE16ED205C2}.Release|Any CPU.ActiveCfg = Release|Any CPU
		{BE1736F8-0679-4E83-BA6A-DBE16ED205C2}.Release|Any CPU.Build.0 = Release|Any CPU
		{1AEB3AF4-1AD6-4E5D-9553-9E152EFA48F9}.Debug|Any CPU.ActiveCfg = Debug|Any CPU
		{1AEB3AF4-1AD6-4E5D-9553-9E152EFA48F9}.Debug|Any CPU.Build.0 = Debug|Any CPU
		{1AEB3AF4-1AD6-4E5D-9553-9E152EFA48F9}.Release|Any CPU.ActiveCfg = Release|Any CPU
		{1AEB3AF4-1AD6-4E5D-9553-9E152EFA48F9}.Release|Any CPU.Build.0 = Release|Any CPU
		{A2C3B928-7F06-44F9-82AE-4968DC34ED2E}.Debug|Any CPU.ActiveCfg = Debug|Any CPU
		{A2C3B928-7F06-44F9-82AE-4968DC34ED2E}.Debug|Any CPU.Build.0 = Debug|Any CPU
		{A2C3B928-7F06-44F9-82AE-4968DC34ED2E}.Release|Any CPU.ActiveCfg = Release|Any CPU
		{A2C3B928-7F06-44F9-82AE-4968DC34ED2E}.Release|Any CPU.Build.0 = Release|Any CPU
		{1F89D087-AD8B-4321-A004-423FF0DF8E87}.Debug|Any CPU.ActiveCfg = Debug|Any CPU
		{1F89D087-AD8B-4321-A004-423FF0DF8E87}.Debug|Any CPU.Build.0 = Debug|Any CPU
		{1F89D087-AD8B-4321-A004-423FF0DF8E87}.Release|Any CPU.ActiveCfg = Release|Any CPU
		{1F89D087-AD8B-4321-A004-423FF0DF8E87}.Release|Any CPU.Build.0 = Release|Any CPU
		{0C7AA333-0635-44C1-B012-4BBB36CD798B}.Debug|Any CPU.ActiveCfg = Debug|Any CPU
		{0C7AA333-0635-44C1-B012-4BBB36CD798B}.Debug|Any CPU.Build.0 = Debug|Any CPU
		{0C7AA333-0635-44C1-B012-4BBB36CD798B}.Release|Any CPU.ActiveCfg = Release|Any CPU
		{0C7AA333-0635-44C1-B012-4BBB36CD798B}.Release|Any CPU.Build.0 = Release|Any CPU
		{48CBF34D-4826-478A-A260-8CBA73AC366D}.Debug|Any CPU.ActiveCfg = Debug|Any CPU
		{48CBF34D-4826-478A-A260-8CBA73AC366D}.Debug|Any CPU.Build.0 = Debug|Any CPU
		{48CBF34D-4826-478A-A260-8CBA73AC366D}.Release|Any CPU.ActiveCfg = Release|Any CPU
		{48CBF34D-4826-478A-A260-8CBA73AC366D}.Release|Any CPU.Build.0 = Release|Any CPU
		{D8BB217C-EBEA-4607-969C-D4547EC367B3}.Debug|Any CPU.ActiveCfg = Debug|Any CPU
		{D8BB217C-EBEA-4607-969C-D4547EC367B3}.Debug|Any CPU.Build.0 = Debug|Any CPU
		{D8BB217C-EBEA-4607-969C-D4547EC367B3}.Release|Any CPU.ActiveCfg = Release|Any CPU
		{D8BB217C-EBEA-4607-969C-D4547EC367B3}.Release|Any CPU.Build.0 = Release|Any CPU
		{618A6F7E-6209-4F03-BC82-CE22DDF411D9}.Debug|Any CPU.ActiveCfg = Debug|Any CPU
		{618A6F7E-6209-4F03-BC82-CE22DDF411D9}.Debug|Any CPU.Build.0 = Debug|Any CPU
		{618A6F7E-6209-4F03-BC82-CE22DDF411D9}.Release|Any CPU.ActiveCfg = Release|Any CPU
		{618A6F7E-6209-4F03-BC82-CE22DDF411D9}.Release|Any CPU.Build.0 = Release|Any CPU
		{10BCD63A-B0C2-41EE-8EB3-2F2D49E7D98F}.Debug|Any CPU.ActiveCfg = Debug|Any CPU
		{10BCD63A-B0C2-41EE-8EB3-2F2D49E7D98F}.Debug|Any CPU.Build.0 = Debug|Any CPU
		{10BCD63A-B0C2-41EE-8EB3-2F2D49E7D98F}.Release|Any CPU.ActiveCfg = Release|Any CPU
		{10BCD63A-B0C2-41EE-8EB3-2F2D49E7D98F}.Release|Any CPU.Build.0 = Release|Any CPU
		{186ECF9E-BCD1-488A-AEE8-C505360CE98E}.Debug|Any CPU.ActiveCfg = Debug|Any CPU
		{186ECF9E-BCD1-488A-AEE8-C505360CE98E}.Debug|Any CPU.Build.0 = Debug|Any CPU
		{186ECF9E-BCD1-488A-AEE8-C505360CE98E}.Release|Any CPU.ActiveCfg = Release|Any CPU
		{186ECF9E-BCD1-488A-AEE8-C505360CE98E}.Release|Any CPU.Build.0 = Release|Any CPU
		{464014DB-491C-4F6E-815F-ED1E374DCA4C}.Debug|Any CPU.ActiveCfg = Debug|Any CPU
		{464014DB-491C-4F6E-815F-ED1E374DCA4C}.Debug|Any CPU.Build.0 = Debug|Any CPU
		{464014DB-491C-4F6E-815F-ED1E374DCA4C}.Release|Any CPU.ActiveCfg = Release|Any CPU
		{464014DB-491C-4F6E-815F-ED1E374DCA4C}.Release|Any CPU.Build.0 = Release|Any CPU
		{75AD3258-62DA-4352-BA75-CBB43101D0F9}.Debug|Any CPU.ActiveCfg = Debug|Any CPU
		{75AD3258-62DA-4352-BA75-CBB43101D0F9}.Debug|Any CPU.Build.0 = Debug|Any CPU
		{75AD3258-62DA-4352-BA75-CBB43101D0F9}.Release|Any CPU.ActiveCfg = Release|Any CPU
		{75AD3258-62DA-4352-BA75-CBB43101D0F9}.Release|Any CPU.Build.0 = Release|Any CPU
	EndGlobalSection
	GlobalSection(SolutionProperties) = preSolution
		HideSolutionNode = FALSE
	EndGlobalSection
EndGlobal
